dependencies:
- name: django
  repository: file://../_django
  version: 0.1.0
- name: tasks
  repository: file://../_tasks
  version: 0.1.0
- name: redis
  repository: file://../_redis
  version: 0.1.0
- name: static
  repository: file://../_static
  version: 0.1.0
- name: logprocessing
  repository: file://../_logprocessing
  version: 0.1.0
digest: sha256:6e52f8f5347093915401e544f039ae4e052a9459389d5c8b5930b1a59d8673f1
generated: "2024-04-24T13:42:00.94538-07:00"
