dependencies:
- name: django
  repository: file://../_django
  version: 0.1.0
- name: tasks
  repository: file://../_tasks
  version: 0.1.0
- name: redis
  repository: file://../_redis
  version: 0.1.0
- name: static
  repository: file://../_static
  version: 0.1.0
- name: openshiftjobs
  repository: file://../_openshiftjobs
  version: 0.1.0
digest: sha256:c30da475ca6c16b2b174c7fe49023067ca89b52afefefe2c1cab809e66762ac8
generated: "2024-04-26T10:10:49.6997356-07:00"
