dependencies:
- name: django
  repository: file://../_django
  version: 0.1.0
- name: tasks
  repository: file://../_tasks
  version: 0.1.0
- name: image-caching
  repository: file://../_image-caching
  version: 0.1.0
- name: redis
  repository: file://../_redis
  version: 0.1.0
- name: static
  repository: file://../_static
  version: 0.1.0
digest: sha256:a486b030e4d1581446465b5bb3dc45fe35979b1778bc97f8d0b01b7a199d26bc
generated: "2023-10-17T15:22:00.6235255-07:00"
